
Microsoft Visual Studio Solution File, Format Version 12.00
# Visual Studio Version 17
VisualStudioVersion = 17.0.31903.59
MinimumVisualStudioVersion = 10.0.40219.1
Project("{9A19103F-16F7-4668-BE54-9A1E7A4F7556}") = "DotNet7.Polly.RateLimit", "src\DotNet7.Polly.RateLimit.csproj", "{008A9B7E-094F-492B-9F7B-A802EDC03D2A}"
EndProject
Project("{9A19103F-16F7-4668-BE54-9A1E7A4F7556}") = "DotNet7.Polly.RateLimit.Tests", "tests\DotNet7.Polly.RateLimit.Tests.csproj", "{1CF1D6E0-2753-49C6-9CD7-BE259B8B1037}"
EndProject
Project("{2150E333-8FDC-42A3-9474-1A3956D46DE8}") = "sample", "sample", "{639DFE9C-12E1-4ABD-9C6A-D95CC9A5847F}"
EndProject
Project("{9A19103F-16F7-4668-BE54-9A1E7A4F7556}") = "DotNet7.Polly.RateLimit.Sample.Web", "sample\web\DotNet7.Polly.RateLimit.Sample.Web.csproj", "{F2FA818E-9762-461B-B186-46BEC07D26B5}"
EndProject
Project("{9A19103F-16F7-4668-BE54-9A1E7A4F7556}") = "DotNet7.Polly.RateLimit.Sample.Console", "sample\console\DotNet7.Polly.RateLimit.Sample.Console.csproj", "{BDD6ED13-F4B9-4E51-B766-F181EA69346B}"
EndProject
Global
	GlobalSection(SolutionConfigurationPlatforms) = preSolution
		Debug|Any CPU = Debug|Any CPU
		Release|Any CPU = Release|Any CPU
	EndGlobalSection
	GlobalSection(ProjectConfigurationPlatforms) = postSolution
		{008A9B7E-094F-492B-9F7B-A802EDC03D2A}.Debug|Any CPU.ActiveCfg = Debug|Any CPU
		{008A9B7E-094F-492B-9F7B-A802EDC03D2A}.Debug|Any CPU.Build.0 = Debug|Any CPU
		{008A9B7E-094F-492B-9F7B-A802EDC03D2A}.Release|Any CPU.ActiveCfg = Release|Any CPU
		{008A9B7E-094F-492B-9F7B-A802EDC03D2A}.Release|Any CPU.Build.0 = Release|Any CPU
		{1CF1D6E0-2753-49C6-9CD7-BE259B8B1037}.Debug|Any CPU.ActiveCfg = Debug|Any CPU
		{1CF1D6E0-2753-49C6-9CD7-BE259B8B1037}.Debug|Any CPU.Build.0 = Debug|Any CPU
		{1CF1D6E0-2753-49C6-9CD7-BE259B8B1037}.Release|Any CPU.ActiveCfg = Release|Any CPU
		{1CF1D6E0-2753-49C6-9CD7-BE259B8B1037}.Release|Any CPU.Build.0 = Release|Any CPU
		{F2FA818E-9762-461B-B186-46BEC07D26B5}.Debug|Any CPU.ActiveCfg = Debug|Any CPU
		{F2FA818E-9762-461B-B186-46BEC07D26B5}.Debug|Any CPU.Build.0 = Debug|Any CPU
		{F2FA818E-9762-461B-B186-46BEC07D26B5}.Release|Any CPU.ActiveCfg = Release|Any CPU
		{F2FA818E-9762-461B-B186-46BEC07D26B5}.Release|Any CPU.Build.0 = Release|Any CPU
		{BDD6ED13-F4B9-4E51-B766-F181EA69346B}.Debug|Any CPU.ActiveCfg = Debug|Any CPU
		{BDD6ED13-F4B9-4E51-B766-F181EA69346B}.Debug|Any CPU.Build.0 = Debug|Any CPU
		{BDD6ED13-F4B9-4E51-B766-F181EA69346B}.Release|Any CPU.ActiveCfg = Release|Any CPU
		{BDD6ED13-F4B9-4E51-B766-F181EA69346B}.Release|Any CPU.Build.0 = Release|Any CPU
	EndGlobalSection
	GlobalSection(SolutionProperties) = preSolution
		HideSolutionNode = FALSE
	EndGlobalSection
	GlobalSection(NestedProjects) = preSolution
		{F2FA818E-9762-461B-B186-46BEC07D26B5} = {639DFE9C-12E1-4ABD-9C6A-D95CC9A5847F}
		{BDD6ED13-F4B9-4E51-B766-F181EA69346B} = {639DFE9C-12E1-4ABD-9C6A-D95CC9A5847F}
	EndGlobalSection
	GlobalSection(ExtensibilityGlobals) = postSolution
		SolutionGuid = {E6CFF46C-9B21-411D-AE73-6D6D42E81F92}
	EndGlobalSection
EndGlobal
